<Solution>
  <Folder Name="/src/">
    <Project Path="src/HotelManagement.API/HotelManagement.API.csproj" />
    <Project Path="src/HotelManagement.Application/HotelManagement.Application.csproj" />
    <Project Path="src/HotelManagement.Domain/HotelManagement.Domain.csproj" />
    <Project Path="src/HotelManagement.Infrastructure/HotelManagement.Infrastructure.csproj" />
  </Folder>
</Solution>
